
Microsoft Visual Studio Solution File, Format Version 11.00
# Visual Studio 2010
Project("{FAE04EC0-301F-11D3-BF4B-00C04F79EFBC}") = "RemoveServerHeaderModule", "RemoveServerHeaderModule\RemoveServerHeaderModule.csproj", "{848AA86D-8D42-4ED5-9CED-159968F29AFD}"
EndProject
Project("{54435603-DBB4-11D2-8724-00A0C9A8B90C}") = "Setup", "Setup\Setup.vdproj", "{581573E0-7D83-4A98-BCA1-683BAA0B89D3}"
EndProject
Global
	GlobalSection(SolutionConfigurationPlatforms) = preSolution
		Debug|Any CPU = Debug|Any CPU
		Release|Any CPU = Release|Any CPU
	EndGlobalSection
	GlobalSection(ProjectConfigurationPlatforms) = postSolution
		{848AA86D-8D42-4ED5-9CED-159968F29AFD}.Debug|Any CPU.ActiveCfg = Debug|Any CPU
		{848AA86D-8D42-4ED5-9CED-159968F29AFD}.Debug|Any CPU.Build.0 = Debug|Any CPU
		{848AA86D-8D42-4ED5-9CED-159968F29AFD}.Release|Any CPU.ActiveCfg = Release|Any CPU
		{848AA86D-8D42-4ED5-9CED-159968F29AFD}.Release|Any CPU.Build.0 = Release|Any CPU
		{581573E0-7D83-4A98-BCA1-683BAA0B89D3}.Debug|Any CPU.ActiveCfg = Debug
		{581573E0-7D83-4A98-BCA1-683BAA0B89D3}.Release|Any CPU.ActiveCfg = Release
	EndGlobalSection
	GlobalSection(SolutionProperties) = preSolution
		HideSolutionNode = FALSE
	EndGlobalSection
EndGlobal
